
Microsoft Visual Studio Solution File, Format Version 12.00
# Visual Studio 15
VisualStudioVersion = 15.0.28307.329
MinimumVisualStudioVersion = 10.0.40219.1
Project("{FAE04EC0-301F-11D3-BF4B-00C04F79EFBC}") = "HMS", "HMS\HMS.csproj", "{7919158E-EF89-4BAD-9DD5-2E6950284A54}"
EndProject
Global
	GlobalSection(SolutionConfigurationPlatforms) = preSolution
		Debug|Any CPU = Debug|Any CPU
		Release|Any CPU = Release|Any CPU
	EndGlobalSection
	GlobalSection(ProjectConfigurationPlatforms) = postSolution
		{7919158E-EF89-4BAD-9DD5-2E6950284A54}.Debug|Any CPU.ActiveCfg = Debug|Any CPU
		{7919158E-EF89-4BAD-9DD5-2E6950284A54}.Debug|Any CPU.Build.0 = Debug|Any CPU
		{7919158E-EF89-4BAD-9DD5-2E6950284A54}.Release|Any CPU.ActiveCfg = Release|Any CPU
		{7919158E-EF89-4BAD-9DD5-2E6950284A54}.Release|Any CPU.Build.0 = Release|Any CPU
	EndGlobalSection
	GlobalSection(SolutionProperties) = preSolution
		HideSolutionNode = FALSE
	EndGlobalSection
	GlobalSection(ExtensibilityGlobals) = postSolution
		SolutionGuid = {BAB4C272-DD76-4C33-BF7F-AB7D6668862D}
	EndGlobalSection
EndGlobal
