
Microsoft Visual Studio Solution File, Format Version 12.00
# Visual Studio 15
VisualStudioVersion = 15.0.28307.572
MinimumVisualStudioVersion = 10.0.40219.1
Project("{FAE04EC0-301F-11D3-BF4B-00C04F79EFBC}") = "HMS_Demo", "HMS_Demo\HMS_Demo.csproj", "{F4EBE278-943A-41C1-AB27-47D319EC56C0}"
EndProject
Global
	GlobalSection(SolutionConfigurationPlatforms) = preSolution
		Debug|Any CPU = Debug|Any CPU
		Release|Any CPU = Release|Any CPU
	EndGlobalSection
	GlobalSection(ProjectConfigurationPlatforms) = postSolution
		{F4EBE278-943A-41C1-AB27-47D319EC56C0}.Debug|Any CPU.ActiveCfg = Debug|Any CPU
		{F4EBE278-943A-41C1-AB27-47D319EC56C0}.Debug|Any CPU.Build.0 = Debug|Any CPU
		{F4EBE278-943A-41C1-AB27-47D319EC56C0}.Release|Any CPU.ActiveCfg = Release|Any CPU
		{F4EBE278-943A-41C1-AB27-47D319EC56C0}.Release|Any CPU.Build.0 = Release|Any CPU
	EndGlobalSection
	GlobalSection(SolutionProperties) = preSolution
		HideSolutionNode = FALSE
	EndGlobalSection
	GlobalSection(ExtensibilityGlobals) = postSolution
		SolutionGuid = {401AA5FA-DC14-4EBB-A435-CD9F90B27D35}
	EndGlobalSection
EndGlobal
